
Microsoft Visual Studio Solution File, Format Version 12.00
# Visual Studio Version 17
VisualStudioVersion = 17.8.34525.116
MinimumVisualStudioVersion = 10.0.40219.1
Project("{FAE04EC0-301F-11D3-BF4B-00C04F79EFBC}") = "GLG", "GLG\GLG.csproj", "{D8780DFD-300A-4D19-B057-2140619FF85C}"
EndProject
Project("{54435603-DBB4-11D2-8724-00A0C9A8B90C}") = "GLG2.0", "GLG2.0\GLG2.0.vdproj", "{7DE204CB-CBA1-474A-BFE9-100FB46290D5}"
EndProject
Global
	GlobalSection(SolutionConfigurationPlatforms) = preSolution
		Debug|Any CPU = Debug|Any CPU
		Release|Any CPU = Release|Any CPU
	EndGlobalSection
	GlobalSection(ProjectConfigurationPlatforms) = postSolution
		{D8780DFD-300A-4D19-B057-2140619FF85C}.Debug|Any CPU.ActiveCfg = Debug|Any CPU
		{D8780DFD-300A-4D19-B057-2140619FF85C}.Debug|Any CPU.Build.0 = Debug|Any CPU
		{D8780DFD-300A-4D19-B057-2140619FF85C}.Release|Any CPU.ActiveCfg = Release|Any CPU
		{D8780DFD-300A-4D19-B057-2140619FF85C}.Release|Any CPU.Build.0 = Release|Any CPU
		{7DE204CB-CBA1-474A-BFE9-100FB46290D5}.Debug|Any CPU.ActiveCfg = Debug
		{7DE204CB-CBA1-474A-BFE9-100FB46290D5}.Release|Any CPU.ActiveCfg = Release
	EndGlobalSection
	GlobalSection(SolutionProperties) = preSolution
		HideSolutionNode = FALSE
	EndGlobalSection
	GlobalSection(ExtensibilityGlobals) = postSolution
		SolutionGuid = {E451B69B-91A6-47CD-901F-0DB0F7DC9205}
	EndGlobalSection
EndGlobal
